
Microsoft Visual Studio Solution File, Format Version 12.00
# Visual Studio Version 16
VisualStudioVersion = 16.0.31410.357
MinimumVisualStudioVersion = 10.0.40219.1
Project("{FAE04EC0-301F-11D3-BF4B-00C04F79EFBC}") = "GoogleDriveManager", "GoogleDriveManager\GoogleDriveManager.csproj", "{F9BA74C0-0F1F-4F5A-B8F3-047004FFA4EA}"
EndProject
Project("{FAE04EC0-301F-11D3-BF4B-00C04F79EFBC}") = "Downloader", "Downloader\Downloader.csproj", "{F2CB1445-0798-46D9-95A9-569EF85A06C2}"
EndProject
Project("{FAE04EC0-301F-11D3-BF4B-00C04F79EFBC}") = "Uploader", "Uploader\Uploader.csproj", "{9F975A0B-D85A-4F76-B730-1A7E255774DC}"
EndProject
Global
	GlobalSection(SolutionConfigurationPlatforms) = preSolution
		Debug|Any CPU = Debug|Any CPU
		Release|Any CPU = Release|Any CPU
	EndGlobalSection
	GlobalSection(ProjectConfigurationPlatforms) = postSolution
		{F9BA74C0-0F1F-4F5A-B8F3-047004FFA4EA}.Debug|Any CPU.ActiveCfg = Debug|Any CPU
		{F9BA74C0-0F1F-4F5A-B8F3-047004FFA4EA}.Debug|Any CPU.Build.0 = Debug|Any CPU
		{F9BA74C0-0F1F-4F5A-B8F3-047004FFA4EA}.Release|Any CPU.ActiveCfg = Release|Any CPU
		{F9BA74C0-0F1F-4F5A-B8F3-047004FFA4EA}.Release|Any CPU.Build.0 = Release|Any CPU
		{F2CB1445-0798-46D9-95A9-569EF85A06C2}.Debug|Any CPU.ActiveCfg = Debug|Any CPU
		{F2CB1445-0798-46D9-95A9-569EF85A06C2}.Debug|Any CPU.Build.0 = Debug|Any CPU
		{F2CB1445-0798-46D9-95A9-569EF85A06C2}.Release|Any CPU.ActiveCfg = Release|Any CPU
		{F2CB1445-0798-46D9-95A9-569EF85A06C2}.Release|Any CPU.Build.0 = Release|Any CPU
		{9F975A0B-D85A-4F76-B730-1A7E255774DC}.Debug|Any CPU.ActiveCfg = Debug|Any CPU
		{9F975A0B-D85A-4F76-B730-1A7E255774DC}.Debug|Any CPU.Build.0 = Debug|Any CPU
		{9F975A0B-D85A-4F76-B730-1A7E255774DC}.Release|Any CPU.ActiveCfg = Release|Any CPU
		{9F975A0B-D85A-4F76-B730-1A7E255774DC}.Release|Any CPU.Build.0 = Release|Any CPU
	EndGlobalSection
	GlobalSection(SolutionProperties) = preSolution
		HideSolutionNode = FALSE
	EndGlobalSection
	GlobalSection(ExtensibilityGlobals) = postSolution
		SolutionGuid = {EB47FDAE-7C65-4261-B709-8EB157DD00BE}
	EndGlobalSection
EndGlobal
