
Microsoft Visual Studio Solution File, Format Version 12.00
# Visual Studio Version 16
VisualStudioVersion = 16.0.30804.86
MinimumVisualStudioVersion = 10.0.40219.1
Project("{8BC9CEB8-8B4A-11D0-8D11-00A0C91BC942}") = "ExecutionProject", "ExecutionProject\ExecutionProject.vcxproj", "{69A0EBE8-CA35-4AE9-80ED-9A794E673B3E}"
	ProjectSection(ProjectDependencies) = postProject
		{FA60AE1D-599B-4FE8-AD51-76E910E62630} = {FA60AE1D-599B-4FE8-AD51-76E910E62630}
	EndProjectSection
EndProject
Project("{8BC9CEB8-8B4A-11D0-8D11-00A0C91BC942}") = "ExternalDynamicLinkLibrary", "ExternalDynamicLinkLibrary\ExternalDynamicLinkLibrary.vcxproj", "{FA60AE1D-599B-4FE8-AD51-76E910E62630}"
EndProject
Project("{8BC9CEB8-8B4A-11D0-8D11-00A0C91BC942}") = "WindowsSample", "WindowsSample\WindowsSample.vcxproj", "{949952BE-B1A4-4DB2-9656-7BB4CD7A92AE}"
	ProjectSection(ProjectDependencies) = postProject
		{FA60AE1D-599B-4FE8-AD51-76E910E62630} = {FA60AE1D-599B-4FE8-AD51-76E910E62630}
	EndProjectSection
EndProject
Global
	GlobalSection(SolutionConfigurationPlatforms) = preSolution
		Debug|x64 = Debug|x64
		Debug|x86 = Debug|x86
		Release|x64 = Release|x64
		Release|x86 = Release|x86
	EndGlobalSection
	GlobalSection(ProjectConfigurationPlatforms) = postSolution
		{69A0EBE8-CA35-4AE9-80ED-9A794E673B3E}.Debug|x64.ActiveCfg = Debug|x64
		{69A0EBE8-CA35-4AE9-80ED-9A794E673B3E}.Debug|x64.Build.0 = Debug|x64
		{69A0EBE8-CA35-4AE9-80ED-9A794E673B3E}.Debug|x86.ActiveCfg = Debug|Win32
		{69A0EBE8-CA35-4AE9-80ED-9A794E673B3E}.Debug|x86.Build.0 = Debug|Win32
		{69A0EBE8-CA35-4AE9-80ED-9A794E673B3E}.Release|x64.ActiveCfg = Release|x64
		{69A0EBE8-CA35-4AE9-80ED-9A794E673B3E}.Release|x64.Build.0 = Release|x64
		{69A0EBE8-CA35-4AE9-80ED-9A794E673B3E}.Release|x86.ActiveCfg = Release|Win32
		{69A0EBE8-CA35-4AE9-80ED-9A794E673B3E}.Release|x86.Build.0 = Release|Win32
		{FA60AE1D-599B-4FE8-AD51-76E910E62630}.Debug|x64.ActiveCfg = Debug|x64
		{FA60AE1D-599B-4FE8-AD51-76E910E62630}.Debug|x64.Build.0 = Debug|x64
		{FA60AE1D-599B-4FE8-AD51-76E910E62630}.Debug|x86.ActiveCfg = Debug|Win32
		{FA60AE1D-599B-4FE8-AD51-76E910E62630}.Debug|x86.Build.0 = Debug|Win32
		{FA60AE1D-599B-4FE8-AD51-76E910E62630}.Release|x64.ActiveCfg = Release|x64
		{FA60AE1D-599B-4FE8-AD51-76E910E62630}.Release|x64.Build.0 = Release|x64
		{FA60AE1D-599B-4FE8-AD51-76E910E62630}.Release|x86.ActiveCfg = Release|Win32
		{FA60AE1D-599B-4FE8-AD51-76E910E62630}.Release|x86.Build.0 = Release|Win32
		{949952BE-B1A4-4DB2-9656-7BB4CD7A92AE}.Debug|x64.ActiveCfg = Debug|x64
		{949952BE-B1A4-4DB2-9656-7BB4CD7A92AE}.Debug|x64.Build.0 = Debug|x64
		{949952BE-B1A4-4DB2-9656-7BB4CD7A92AE}.Debug|x86.ActiveCfg = Debug|Win32
		{949952BE-B1A4-4DB2-9656-7BB4CD7A92AE}.Debug|x86.Build.0 = Debug|Win32
		{949952BE-B1A4-4DB2-9656-7BB4CD7A92AE}.Release|x64.ActiveCfg = Release|x64
		{949952BE-B1A4-4DB2-9656-7BB4CD7A92AE}.Release|x64.Build.0 = Release|x64
		{949952BE-B1A4-4DB2-9656-7BB4CD7A92AE}.Release|x86.ActiveCfg = Release|Win32
		{949952BE-B1A4-4DB2-9656-7BB4CD7A92AE}.Release|x86.Build.0 = Release|Win32
	EndGlobalSection
	GlobalSection(SolutionProperties) = preSolution
		HideSolutionNode = FALSE
	EndGlobalSection
	GlobalSection(ExtensibilityGlobals) = postSolution
		SolutionGuid = {EDDAFEDE-C64A-4197-BA6C-E336654237E9}
	EndGlobalSection
EndGlobal
